dependencies:
- name: postgresql
  repository: https://kubernetes-charts.storage.googleapis.com/
  version: 0.9.5
- name: mongodb
  repository: https://kubernetes-charts.storage.googleapis.com/
  version: 4.3.10
digest: sha256:3299d564e9a61263571329d573aa1c6100869bd81d55edf949072c34ee43fcdd
generated: 2019-02-19T18:55:08.944392949+05:30
