dependencies:
- name: postgresql
  repository: https://charts.bitnami.com/bitnami
  version: 10.3.18
- name: rabbitmq
  repository: https://charts.bitnami.com/bitnami
  version: 8.11.4
- name: redis
  repository: https://charts.bitnami.com/bitnami
  version: 12.10.1
digest: sha256:d2981425b51660a58017a8bce0fb8b9462063839482d7ca03efccf3e6fff3ded
generated: "2021-04-23T11:37:25.130334+05:30"
