dependencies:
- name: postgresql
  repository: https://charts.bitnami.com/bitnami
  version: 10.3.18
- name: rabbitmq
  repository: https://charts.bitnami.com/bitnami
  version: 8.11.4
- name: redis
  repository: https://charts.bitnami.com/bitnami
  version: 12.10.1
- name: vault
  repository: https://helm.releases.hashicorp.com
  version: 0.16.1
digest: sha256:f2d8dce496e99026798b4d56a012f7e290a8f408d25ad5f040617aed0aab8a70
generated: "2021-10-04T13:08:41.689576+05:30"
