dependencies:
- name: postgresql
  repository: https://charts.bitnami.com/bitnami
  version: 9.3.4
- name: redis
  repository: https://charts.bitnami.com/bitnami
  version: 10.9.0
- name: rabbitmq
  repository: https://charts.bitnami.com/bitnami
  version: 7.4.3
digest: sha256:dd95cee249a63d68b161c4088d8dbb076098697e9bac59bb502e2dff14132b72
generated: "2020-09-18T14:46:54.249695+05:30"
