dependencies:
- name: postgresql
  repository: https://charts.bitnami.com/bitnami
  version: 8.7.3
- name: redis
  repository: https://charts.bitnami.com/bitnami
  version: 10.7.11
- name: rabbitmq
  repository: https://charts.bitnami.com/bitnami
  version: 7.5.1
digest: sha256:644056310b0f8976f048f31d776b515a330aeab47c186f5ef757b6bfa0b03f46
generated: "2020-07-13T12:16:22.766529+03:00"
