dependencies:
- name: postgresql
  repository: https://charts.bitnami.com/bitnami
  version: 9.3.4
- name: redis
  repository: https://charts.bitnami.com/bitnami
  version: 10.9.0
- name: rabbitmq
  repository: https://charts.bitnami.com/bitnami
  version: 7.7.1
digest: sha256:dee0ac8866a1a21099cca62715a39c3c98ff4899f0ff999facd568cd3c8098d6
generated: "2020-11-03T15:43:41.758959+05:30"
