dependencies:
- name: postgresql
  repository: https://charts.jfrog.io/
  version: 15.5.20
- name: rabbitmq
  repository: https://charts.jfrog.io/
  version: 15.4.1
- name: catalog
  repository: https://charts.jfrog.io/
  version: 101.34.7
- name: valkey
  repository: https://charts.jfrog.io/
  version: 3.0.16
digest: sha256:15cd64c5922584afb4f242cc2b296e5a048323517bc1e6caede96bb1d5e3350b
generated: "2026-04-19T12:52:50.562535+03:00"
