dependencies:
- name: postgresql
  repository: https://charts.bitnami.com/bitnami
  version: 10.3.18
- name: rabbitmq
  repository: https://charts.bitnami.com/bitnami
  version: 8.11.4
digest: sha256:f761e45c2068b489eed3e7ee1fea3585f54713bbed95bd9209288f5a81ba7c0f
generated: "2021-04-22T17:03:55.789802+05:30"
