dependencies:
- name: postgresql
  repository: https://charts.jfrog.io/
  version: 15.5.20
- name: rabbitmq
  repository: https://charts.jfrog.io/
  version: 15.4.1
- name: catalog
  repository: https://charts.jfrog.io/
  version: 101.18.1
digest: sha256:9117bdfa8de0eb1a7126cbd9ecb3588d03659e3e6fe01c7077842cc945052466
generated: "2025-05-07T08:50:32.460205+05:30"
