dependencies:
- name: postgresql
  repository: https://charts.bitnami.com/bitnami
  version: 9.3.4
- name: rabbitmq-ha
  repository: https://kubernetes-charts.storage.googleapis.com/
  version: 1.46.4
- name: rabbitmq
  repository: https://charts.bitnami.com/bitnami
  version: 7.4.3
digest: sha256:4d33b3757e8bd350927ac3e384504ef0da0b91c36b55016ea791081c407db6ff
generated: "2020-09-02T12:51:46.22815+05:30"
