dependencies:
- name: postgresql
  repository: https://kubernetes-charts.storage.googleapis.com/
  version: 0.9.5
- name: rabbitmq-ha
  repository: https://kubernetes-charts.storage.googleapis.com/
  version: 1.13.1
- name: rabbitmq
  repository: https://kubernetes-charts.storage.googleapis.com/
  version: 3.2.1
- name: mongodb
  repository: https://kubernetes-charts.storage.googleapis.com/
  version: 2.0.5
digest: sha256:bff7fcaec66f6625bd759552a20c05773c9d554e57af4ea723cc3830bd939810
generated: 2019-05-12T13:41:14.818339896+02:00
