dependencies:
- name: postgresql
  repository: https://charts.bitnami.com/bitnami
  version: 9.1.2
- name: rabbitmq-ha
  repository: https://kubernetes-charts.storage.googleapis.com/
  version: 1.46.4
- name: rabbitmq
  repository: https://charts.bitnami.com/bitnami
  version: 7.4.3
digest: sha256:a5591005d69c7326040d86cee14597d78a256a7248a0d8ff277a2ed30f8efdce
generated: "2020-08-05T11:28:23.4214+05:30"
