dependencies:
- name: postgresql
  repository: https://charts.jfrog.io/
  version: 16.7.26
- name: rabbitmq
  repository: https://charts.jfrog.io/
  version: 15.4.1
- name: artifactory
  repository: https://charts.jfrog.io/
  version: 107.146.25
- name: xray
  repository: https://charts.jfrog.io/
  version: 103.143.30
- name: catalog
  repository: https://charts.jfrog.io/
  version: 101.40.2
- name: distribution
  repository: https://charts.jfrog.io/
  version: 102.52.2
- name: worker
  repository: https://charts.jfrog.io/
  version: 101.199.0
- name: bridge
  repository: https://charts.jfrog.io/
  version: 101.72.0
digest: sha256:c3627585ada7d0ba35c755e9d58b867e833f0230b1edf77d52f276ed9fbe0587
generated: "2026-07-11T03:10:06.248240027Z"
