dependencies:
- name: postgresql
  repository: https://charts.jfrog.io/
  version: 10.3.18
- name: rabbitmq
  repository: https://charts.jfrog.io/
  version: 11.9.3
- name: artifactory
  repository: https://charts.jfrog.io/
  version: 107.90.14
- name: xray
  repository: https://charts.jfrog.io/
  version: 103.104.17
- name: distribution
  repository: https://charts.jfrog.io/
  version: 102.26.1
- name: insight
  repository: https://charts.jfrog.io/
  version: 101.16.7
- name: pipelines
  repository: https://charts.jfrog.io/
  version: 101.59.7
digest: sha256:a6071a02ef3029d1aba4ed221e61566dc2a098e2b4c6b85108b839d5fdf5d89a
generated: "2024-10-08T17:20:56.179314+05:30"
