dependencies:
- name: postgresql
  repository: https://charts.jfrog.io/
  version: 10.3.18
- name: rabbitmq
  repository: https://charts.jfrog.io/
  version: 11.9.3
- name: redis
  repository: https://charts.jfrog.io/
  version: 12.10.1
- name: artifactory
  repository: https://charts.jfrog.io/
  version: 107.55.10
- name: xray
  repository: https://charts.jfrog.io/
  version: 103.71.6
- name: distribution
  repository: https://charts.jfrog.io/
  version: 102.17.0
- name: insight
  repository: https://charts.jfrog.io/
  version: 101.13.5
- name: pdn-server
  repository: https://charts.jfrog.io/
  version: 101.2.0
- name: pipelines
  repository: https://charts.jfrog.io/
  version: 101.37.3
digest: sha256:72265db722d63419eb1254ea63a19f9af16984ec48a630677d6ea7d1c6d6408e
generated: "2023-05-03T17:43:19.74218+05:30"
