dependencies:
- name: postgresql
  repository: https://charts.bitnami.com/bitnami
  version: 9.3.4
- name: rabbitmq
  repository: https://charts.bitnami.com/bitnami
  version: 7.4.3
- name: redis
  repository: https://charts.bitnami.com/bitnami
  version: 10.9.0
- name: artifactory
  repository: https://charts.jfrog.io/
  version: 11.4.0
- name: artifactory-ha
  repository: https://charts.jfrog.io/
  version: 4.4.0
- name: xray
  repository: https://charts.jfrog.io/
  version: 6.1.2
- name: distribution
  repository: https://charts.jfrog.io/
  version: 7.1.1
- name: mission-control
  repository: https://charts.jfrog.io/
  version: 5.1.0
- name: pipelines
  repository: https://charts.jfrog.io/
  version: 2.0.2
digest: sha256:f755c9384e71b02027e56e6adfd7810c1ec119a642511d905c6e2518582f80b3
generated: "2020-10-21T18:39:15.557419+05:30"
