dependencies:
- name: postgresql
  repository: https://charts.bitnami.com/bitnami
  version: 9.3.4
- name: rabbitmq
  repository: https://charts.bitnami.com/bitnami
  version: 7.7.1
- name: redis
  repository: https://charts.bitnami.com/bitnami
  version: 10.9.0
- name: artifactory
  repository: https://charts.jfrog.io/
  version: 11.10.0
- name: artifactory-ha
  repository: https://charts.jfrog.io/
  version: 4.10.0
- name: xray
  repository: https://charts.jfrog.io/
  version: 7.1.1
- name: distribution
  repository: https://charts.jfrog.io/
  version: 7.4.3
- name: mission-control
  repository: https://charts.jfrog.io/
  version: 5.5.3
- name: pipelines
  repository: https://charts.jfrog.io/
  version: 2.8.5
digest: sha256:91255623afe3ce76a13495b75da2ec483112e1428a642f736959739980855d6b
generated: "2021-03-15T20:53:38.076149+05:30"
