dependencies:
- name: postgresql
  repository: https://charts.bitnami.com/bitnami
  version: 9.3.4
- name: rabbitmq
  repository: https://charts.bitnami.com/bitnami
  version: 7.4.3
- name: redis
  repository: https://charts.bitnami.com/bitnami
  version: 10.9.0
- name: artifactory
  repository: https://charts.jfrog.io/
  version: 11.4.2
- name: artifactory-ha
  repository: https://charts.jfrog.io/
  version: 4.4.2
- name: xray
  repository: https://charts.jfrog.io/
  version: 6.2.1
- name: distribution
  repository: https://charts.jfrog.io/
  version: 7.1.2
- name: mission-control
  repository: https://charts.jfrog.io/
  version: 5.1.1
- name: pipelines
  repository: https://charts.jfrog.io/
  version: 2.0.3
digest: sha256:141f9fed42ea799381ffc272d65227ef61dbcf7f8e5e183987d487bd4d4b218d
generated: "2020-10-23T21:30:26.106164+05:30"
